
Microsoft Visual Studio Solution File, Format Version 12.00
# Visual Studio Version 17
VisualStudioVersion = 17.8.34525.116
MinimumVisualStudioVersion = 10.0.40219.1
Project("{FAE04EC0-301F-11D3-BF4B-00C04F79EFBC}") = "CsvExcel", "CsvExcel\CsvExcel.csproj", "{BC58EF20-7FF6-4598-BC73-1CA506D119E8}"
EndProject
Global
	GlobalSection(SolutionConfigurationPlatforms) = preSolution
		Debug|Any CPU = Debug|Any CPU
		Release|Any CPU = Release|Any CPU
	EndGlobalSection
	GlobalSection(ProjectConfigurationPlatforms) = postSolution
		{BC58EF20-7FF6-4598-BC73-1CA506D119E8}.Debug|Any CPU.ActiveCfg = Debug|Any CPU
		{BC58EF20-7FF6-4598-BC73-1CA506D119E8}.Debug|Any CPU.Build.0 = Debug|Any CPU
		{BC58EF20-7FF6-4598-BC73-1CA506D119E8}.Release|Any CPU.ActiveCfg = Release|Any CPU
		{BC58EF20-7FF6-4598-BC73-1CA506D119E8}.Release|Any CPU.Build.0 = Release|Any CPU
	EndGlobalSection
	GlobalSection(SolutionProperties) = preSolution
		HideSolutionNode = FALSE
	EndGlobalSection
	GlobalSection(ExtensibilityGlobals) = postSolution
		SolutionGuid = {0391894A-79BD-4063-A30A-7FE963536896}
	EndGlobalSection
EndGlobal
